// !$*UTF8*$!
{
	archiveVersion = 1;
	classes = {
	};
	objectVersion = 48;
	objects = {

/* Begin PBXBuildFile section */
		332DCC1F1FBA954900BA3DE3 /* FilmViewController.swift in Sources */ = {isa = PBXBuildFile; fileRef = 332DCC1E1FBA954900BA3DE3 /* FilmViewController.swift */; };
		33BB8C6E1FBA63810021B295 /* AppDelegate.swift in Sources */ = {isa = PBXBuildFile; fileRef = 33BB8C6D1FBA63810021B295 /* AppDelegate.swift */; };
		33BB8C701FBA63810021B295 /* PeopleViewController.swift in Sources */ = {isa = PBXBuildFile; fileRef = 33BB8C6F1FBA63810021B295 /* PeopleViewController.swift */; };
		33BB8C731FBA63810021B295 /* Main.storyboard in Resources */ = {isa = PBXBuildFile; fileRef = 33BB8C711FBA63810021B295 /* Main.storyboard */; };
		33BB8C761FBA63810021B295 /* StarWarsEncyclopedia.xcdatamodeld in Sources */ = {isa = PBXBuildFile; fileRef = 33BB8C741FBA63810021B295 /* StarWarsEncyclopedia.xcdatamodeld */; };
		33BB8C781FBA63810021B295 /* Assets.xcassets in Resources */ = {isa = PBXBuildFile; fileRef = 33BB8C771FBA63810021B295 /* Assets.xcassets */; };
		33BB8C7B1FBA63810021B295 /* LaunchScreen.storyboard in Resources */ = {isa = PBXBuildFile; fileRef = 33BB8C791FBA63810021B295 /* LaunchScreen.storyboard */; };
		33BB8C861FBA63810021B295 /* StarWarsEncyclopediaTests.swift in Sources */ = {isa = PBXBuildFile; fileRef = 33BB8C851FBA63810021B295 /* StarWarsEncyclopediaTests.swift */; };
		33BB8C911FBA63810021B295 /* StarWarsEncyclopediaUITests.swift in Sources */ = {isa = PBXBuildFile; fileRef = 33BB8C901FBA63810021B295 /* StarWarsEncyclopediaUITests.swift */; };
/* End PBXBuildFile section */

/* Begin PBXContainerItemProxy section */
		33BB8C821FBA63810021B295 /* PBXContainerItemProxy */ = {
			isa = PBXContainerItemProxy;
			containerPortal = 33BB8C621FBA63810021B295 /* Project object */;
			proxyType = 1;
			remoteGlobalIDString = 33BB8C691FBA63810021B295;
			remoteInfo = StarWarsEncyclopedia;
		};
		33BB8C8D1FBA63810021B295 /* PBXContainerItemProxy */ = {
			isa = PBXContainerItemProxy;
			containerPortal = 33BB8C621FBA63810021B295 /* Project object */;
			proxyType = 1;
			remoteGlobalIDString = 33BB8C691FBA63810021B295;
			remoteInfo = StarWarsEncyclopedia;
		};
/* End PBXContainerItemProxy section */

/* Begin PBXFileReference section */
		332DCC1E1FBA954900BA3DE3 /* FilmViewController.swift */ = {isa = PBXFileReference; lastKnownFileType = sourcecode.swift; path = FilmViewController.swift; sourceTree = "<group>"; };
		33BB8C6A1FBA63810021B295 /* StarWarsEncyclopedia.app */ = {isa = PBXFileReference; explicitFileType = wrapper.application; includeInIndex = 0; path = StarWarsEncyclopedia.app; sourceTree = BUILT_PRODUCTS_DIR; };
		33BB8C6D1FBA63810021B295 /* AppDelegate.swift */ = {isa = PBXFileReference; lastKnownFileType = sourcecode.swift; path = AppDelegate.swift; sourceTree = "<group>"; };
		33BB8C6F1FBA63810021B295 /* PeopleViewController.swift */ = {isa = PBXFileReference; lastKnownFileType = sourcecode.swift; path = PeopleViewController.swift; sourceTree = "<group>"; };
		33BB8C721FBA63810021B295 /* Base */ = {isa = PBXFileReference; lastKnownFileType = file.storyboard; name = Base; path = Base.lproj/Main.storyboard; sourceTree = "<group>"; };
		33BB8C751FBA63810021B295 /* StarWarsEncyclopedia.xcdatamodel */ = {isa = PBXFileReference; lastKnownFileType = wrapper.xcdatamodel; path = StarWarsEncyclopedia.xcdatamodel; sourceTree = "<group>"; };
		33BB8C771FBA63810021B295 /* Assets.xcassets */ = {isa = PBXFileReference; lastKnownFileType = folder.assetcatalog; path = Assets.xcassets; sourceTree = "<group>"; };
		33BB8C7A1FBA63810021B295 /* Base */ = {isa = PBXFileReference; lastKnownFileType = file.storyboard; name = Base; path = Base.lproj/LaunchScreen.storyboard; sourceTree = "<group>"; };
		33BB8C7C1FBA63810021B295 /* Info.plist */ = {isa = PBXFileReference; lastKnownFileType = text.plist.xml; path = Info.plist; sourceTree = "<group>"; };
		33BB8C811FBA63810021B295 /* StarWarsEncyclopediaTests.xctest */ = {isa = PBXFileReference; explicitFileType = wrapper.cfbundle; includeInIndex = 0; path = StarWarsEncyclopediaTests.xctest; sourceTree = BUILT_PRODUCTS_DIR; };
		33BB8C851FBA63810021B295 /* StarWarsEncyclopediaTests.swift */ = {isa = PBXFileReference; lastKnownFileType = sourcecode.swift; path = StarWarsEncyclopediaTests.swift; sourceTree = "<group>"; };
		33BB8C871FBA63810021B295 /* Info.plist */ = {isa = PBXFileReference; lastKnownFileType = text.plist.xml; path = Info.plist; sourceTree = "<group>"; };
		33BB8C8C1FBA63810021B295 /* StarWarsEncyclopediaUITests.xctest */ = {isa = PBXFileReference; explicitFileType = wrapper.cfbundle; includeInIndex = 0; path = StarWarsEncyclopediaUITests.xctest; sourceTree = BUILT_PRODUCTS_DIR; };
		33BB8C901FBA63810021B295 /* StarWarsEncyclopediaUITests.swift */ = {isa = PBXFileReference; lastKnownFileType = sourcecode.swift; path = StarWarsEncyclopediaUITests.swift; sourceTree = "<group>"; };
		33BB8C921FBA63810021B295 /* Info.plist */ = {isa = PBXFileReference; lastKnownFileType = text.plist.xml; path = Info.plist; sourceTree = "<group>"; };
/* End PBXFileReference section */

/* Begin PBXFrameworksBuildPhase section */
		33BB8C671FBA63810021B295 /* Frameworks */ = {
			isa = PBXFrameworksBuildPhase;
			buildActionMask = 2147483647;
			files = (
			);
			runOnlyForDeploymentPostprocessing = 0;
		};
		33BB8C7E1FBA63810021B295 /* Frameworks */ = {
			isa = PBXFrameworksBuildPhase;
			buildActionMask = 2147483647;
			files = (
			);
			runOnlyForDeploymentPostprocessing = 0;
		};
		33BB8C891FBA63810021B295 /* Frameworks */ = {
			isa = PBXFrameworksBuildPhase;
			buildActionMask = 2147483647;
			files = (
			);
			runOnlyForDeploymentPostprocessing = 0;
		};
/* End PBXFrameworksBuildPhase section */

/* Begin PBXGroup section */
		33BB8C611FBA63810021B295 = {
			isa = PBXGroup;
			children = (
				33BB8C6C1FBA63810021B295 /* StarWarsEncyclopedia */,
				33BB8C841FBA63810021B295 /* StarWarsEncyclopediaTests */,
				33BB8C8F1FBA63810021B295 /* StarWarsEncyclopediaUITests */,
				33BB8C6B1FBA63810021B295 /* Products */,
			);
			sourceTree = "<group>";
		};
		33BB8C6B1FBA63810021B295 /* Products */ = {
			isa = PBXGroup;
			children = (
				33BB8C6A1FBA63810021B295 /* StarWarsEncyclopedia.app */,
				33BB8C811FBA63810021B295 /* StarWarsEncyclopediaTests.xctest */,
				33BB8C8C1FBA63810021B295 /* StarWarsEncyclopediaUITests.xctest */,
			);
			name = Products;
			sourceTree = "<group>";
		};
		33BB8C6C1FBA63810021B295 /* StarWarsEncyclopedia */ = {
			isa = PBXGroup;
			children = (
				33BB8C6D1FBA63810021B295 /* AppDelegate.swift */,
				33BB8C6F1FBA63810021B295 /* PeopleViewController.swift */,
				332DCC1E1FBA954900BA3DE3 /* FilmViewController.swift */,
				33BB8C711FBA63810021B295 /* Main.storyboard */,
				33BB8C771FBA63810021B295 /* Assets.xcassets */,
				33BB8C791FBA63810021B295 /* LaunchScreen.storyboard */,
				33BB8C7C1FBA63810021B295 /* Info.plist */,
				33BB8C741FBA63810021B295 /* StarWarsEncyclopedia.xcdatamodeld */,
			);
			path = StarWarsEncyclopedia;
			sourceTree = "<group>";
		};
		33BB8C841FBA63810021B295 /* StarWarsEncyclopediaTests */ = {
			isa = PBXGroup;
			children = (
				33BB8C851FBA63810021B295 /* StarWarsEncyclopediaTests.swift */,
				33BB8C871FBA63810021B295 /* Info.plist */,
			);
			path = StarWarsEncyclopediaTests;
			sourceTree = "<group>";
		};
		33BB8C8F1FBA63810021B295 /* StarWarsEncyclopediaUITests */ = {
			isa = PBXGroup;
			children = (
				33BB8C901FBA63810021B295 /* StarWarsEncyclopediaUITests.swift */,
				33BB8C921FBA63810021B295 /* Info.plist */,
			);
			path = StarWarsEncyclopediaUITests;
			sourceTree = "<group>";
		};
/* End PBXGroup section */

/* Begin PBXNativeTarget section */
		33BB8C691FBA63810021B295 /* StarWarsEncyclopedia */ = {
			isa = PBXNativeTarget;
			buildConfigurationList = 33BB8C951FBA63810021B295 /* Build configuration list for PBXNativeTarget "StarWarsEncyclopedia" */;
			buildPhases = (
				33BB8C661FBA63810021B295 /* Sources */,
				33BB8C671FBA63810021B295 /* Frameworks */,
				33BB8C681FBA63810021B295 /* Resources */,
			);
			buildRules = (
			);
			dependencies = (
			);
			name = StarWarsEncyclopedia;
			productName = StarWarsEncyclopedia;
			productReference = 33BB8C6A1FBA63810021B295 /* StarWarsEncyclopedia.app */;
			productType = "com.apple.product-type.application";
		};
		33BB8C801FBA63810021B295 /* StarWarsEncyclopediaTests */ = {
			isa = PBXNativeTarget;
			buildConfigurationList = 33BB8C981FBA63810021B295 /* Build configuration list for PBXNativeTarget "StarWarsEncyclopediaTests" */;
			buildPhases = (
				33BB8C7D1FBA63810021B295 /* Sources */,
				33BB8C7E1FBA63810021B295 /* Frameworks */,
				33BB8C7F1FBA63810021B295 /* Resources */,
			);
			buildRules = (
			);
			dependencies = (
				33BB8C831FBA63810021B295 /* PBXTargetDependency */,
			);
			name = StarWarsEncyclopediaTests;
			productName = StarWarsEncyclopediaTests;
			productReference = 33BB8C811FBA63810021B295 /* StarWarsEncyclopediaTests.xctest */;
			productType = "com.apple.product-type.bundle.unit-test";
		};
		33BB8C8B1FBA63810021B295 /* StarWarsEncyclopediaUITests */ = {
			isa = PBXNativeTarget;
			buildConfigurationList = 33BB8C9B1FBA63810021B295 /* Build configuration list for PBXNativeTarget "StarWarsEncyclopediaUITests" */;
			buildPhases = (
				33BB8C881FBA63810021B295 /* Sources */,
				33BB8C891FBA63810021B295 /* Frameworks */,
				33BB8C8A1FBA63810021B295 /* Resources */,
			);
			buildRules = (
			);
			dependencies = (
				33BB8C8E1FBA63810021B295 /* PBXTargetDependency */,
			);
			name = StarWarsEncyclopediaUITests;
			productName = StarWarsEncyclopediaUITests;
			productReference = 33BB8C8C1FBA63810021B295 /* StarWarsEncyclopediaUITests.xctest */;
			productType = "com.apple.product-type.bundle.ui-testing";
		};
/* End PBXNativeTarget section */

/* Begin PBXProject section */
		33BB8C621FBA63810021B295 /* Project object */ = {
			isa = PBXProject;
			attributes = {
				LastSwiftUpdateCheck = 0900;
				LastUpgradeCheck = 0900;
				ORGANIZATIONNAME = "Kioja Kudumu";
				TargetAttributes = {
					33BB8C691FBA63810021B295 = {
						CreatedOnToolsVersion = 9.0.1;
						ProvisioningStyle = Automatic;
					};
					33BB8C801FBA63810021B295 = {
						CreatedOnToolsVersion = 9.0.1;
						ProvisioningStyle = Automatic;
						TestTargetID = 33BB8C691FBA63810021B295;
					};
					33BB8C8B1FBA63810021B295 = {
						CreatedOnToolsVersion = 9.0.1;
						ProvisioningStyle = Automatic;
						TestTargetID = 33BB8C691FBA63810021B295;
					};
				};
			};
			buildConfigurationList = 33BB8C651FBA63810021B295 /* Build configuration list for PBXProject "StarWarsEncyclopedia" */;
			compatibilityVersion = "Xcode 8.0";
			developmentRegion = en;
			hasScannedForEncodings = 0;
			knownRegions = (
				en,
				Base,
			);
			mainGroup = 33BB8C611FBA63810021B295;
			productRefGroup = 33BB8C6B1FBA63810021B295 /* Products */;
			projectDirPath = "";
			projectRoot = "";
			targets = (
				33BB8C691FBA63810021B295 /* StarWarsEncyclopedia */,
				33BB8C801FBA63810021B295 /* StarWarsEncyclopediaTests */,
				33BB8C8B1FBA63810021B295 /* StarWarsEncyclopediaUITests */,
			);
		};
/* End PBXProject section */

/* Begin PBXResourcesBuildPhase section */
		33BB8C681FBA63810021B295 /* Resources */ = {
			isa = PBXResourcesBuildPhase;
			buildActionMask = 2147483647;
			files = (
				33BB8C7B1FBA63810021B295 /* LaunchScreen.storyboard in Resources */,
				33BB8C781FBA63810021B295 /* Assets.xcassets in Resources */,
				33BB8C731FBA63810021B295 /* Main.storyboard in Resources */,
			);
			runOnlyForDeploymentPostprocessing = 0;
		};
		33BB8C7F1FBA63810021B295 /* Resources */ = {
			isa = PBXResourcesBuildPhase;
			buildActionMask = 2147483647;
			files = (
			);
			runOnlyForDeploymentPostprocessing = 0;
		};
		33BB8C8A1FBA63810021B295 /* Resources */ = {
			isa = PBXResourcesBuildPhase;
			buildActionMask = 2147483647;
			files = (
			);
			runOnlyForDeploymentPostprocessing = 0;
		};
/* End PBXResourcesBuildPhase section */

/* Begin PBXSourcesBuildPhase section */
		33BB8C661FBA63810021B295 /* Sources */ = {
			isa = PBXSourcesBuildPhase;
			buildActionMask = 2147483647;
			files = (
				332DCC1F1FBA954900BA3DE3 /* FilmViewController.swift in Sources */,
				33BB8C701FBA63810021B295 /* PeopleViewController.swift in Sources */,
				33BB8C6E1FBA63810021B295 /* AppDelegate.swift in Sources */,
				33BB8C761FBA63810021B295 /* StarWarsEncyclopedia.xcdatamodeld in Sources */,
			);
			runOnlyForDeploymentPostprocessing = 0;
		};
		33BB8C7D1FBA63810021B295 /* Sources */ = {
			isa = PBXSourcesBuildPhase;
			buildActionMask = 2147483647;
			files = (
				33BB8C861FBA63810021B295 /* StarWarsEncyclopediaTests.swift in Sources */,
			);
			runOnlyForDeploymentPostprocessing = 0;
		};
		33BB8C881FBA63810021B295 /* Sources */ = {
			isa = PBXSourcesBuildPhase;
			buildActionMask = 2147483647;
			files = (
				33BB8C911FBA63810021B295 /* StarWarsEncyclopediaUITests.swift in Sources */,
			);
			runOnlyForDeploymentPostprocessing = 0;
		};
/* End PBXSourcesBuildPhase section */

/* Begin PBXTargetDependency section */
		33BB8C831FBA63810021B295 /* PBXTargetDependency */ = {
			isa = PBXTargetDependency;
			target = 33BB8C691FBA63810021B295 /* StarWarsEncyclopedia */;
			targetProxy = 33BB8C821FBA63810021B295 /* PBXContainerItemProxy */;
		};
		33BB8C8E1FBA63810021B295 /* PBXTargetDependency */ = {
			isa = PBXTargetDependency;
			target = 33BB8C691FBA63810021B295 /* StarWarsEncyclopedia */;
			targetProxy = 33BB8C8D1FBA63810021B295 /* PBXContainerItemProxy */;
		};
/* End PBXTargetDependency section */

/* Begin PBXVariantGroup section */
		33BB8C711FBA63810021B295 /* Main.storyboard */ = {
			isa = PBXVariantGroup;
			children = (
				33BB8C721FBA63810021B295 /* Base */,
			);
			name = Main.storyboard;
			sourceTree = "<group>";
		};
		33BB8C791FBA63810021B295 /* LaunchScreen.storyboard */ = {
			isa = PBXVariantGroup;
			children = (
				33BB8C7A1FBA63810021B295 /* Base */,
			);
			name = LaunchScreen.storyboard;
			sourceTree = "<group>";
		};
/* End PBXVariantGroup section */

/* Begin XCBuildConfiguration section */
		33BB8C931FBA63810021B295 /* Debug */ = {
			isa = XCBuildConfiguration;
			buildSettings = {
				ALWAYS_SEARCH_USER_PATHS = NO;
				CLANG_ANALYZER_NONNULL = YES;
				CLANG_ANALYZER_NUMBER_OBJECT_CONVERSION = YES_AGGRESSIVE;
				CLANG_CXX_LANGUAGE_STANDARD = "gnu++14";
				CLANG_CXX_LIBRARY = "libc++";
				CLANG_ENABLE_MODULES = YES;
				CLANG_ENABLE_OBJC_ARC = YES;
				CLANG_WARN_BLOCK_CAPTURE_AUTORELEASING = YES;
				CLANG_WARN_BOOL_CONVERSION = YES;
				CLANG_WARN_COMMA = YES;
				CLANG_WARN_CONSTANT_CONVERSION = YES;
				CLANG_WARN_DIRECT_OBJC_ISA_USAGE = YES_ERROR;
				CLANG_WARN_DOCUMENTATION_COMMENTS = YES;
				CLANG_WARN_EMPTY_BODY = YES;
				CLANG_WARN_ENUM_CONVERSION = YES;
				CLANG_WARN_INFINITE_RECURSION = YES;
				CLANG_WARN_INT_CONVERSION = YES;
				CLANG_WARN_NON_LITERAL_NULL_CONVERSION = YES;
				CLANG_WARN_OBJC_LITERAL_CONVERSION = YES;
				CLANG_WARN_OBJC_ROOT_CLASS = YES_ERROR;
				CLANG_WARN_RANGE_LOOP_ANALYSIS = YES;
				CLANG_WARN_STRICT_PROTOTYPES = YES;
				CLANG_WARN_SUSPICIOUS_MOVE = YES;
				CLANG_WARN_UNGUARDED_AVAILABILITY = YES_AGGRESSIVE;
				CLANG_WARN_UNREACHABLE_CODE = YES;
				CLANG_WARN__DUPLICATE_METHOD_MATCH = YES;
				CODE_SIGN_IDENTITY = "iPhone Developer";
				COPY_PHASE_STRIP = NO;
				DEBUG_INFORMATION_FORMAT = dwarf;
				ENABLE_STRICT_OBJC_MSGSEND = YES;
				ENABLE_TESTABILITY = YES;
				GCC_C_LANGUAGE_STANDARD = gnu11;
				GCC_DYNAMIC_NO_PIC = NO;
				GCC_NO_COMMON_BLOCKS = YES;
				GCC_OPTIMIZATION_LEVEL = 0;
				GCC_PREPROCESSOR_DEFINITIONS = (
					"DEBUG=1",
					"$(inherited)",
				);
				GCC_WARN_64_TO_32_BIT_CONVERSION = YES;
				GCC_WARN_ABOUT_RETURN_TYPE = YES_ERROR;
				GCC_WARN_UNDECLARED_SELECTOR = YES;
				GCC_WARN_UNINITIALIZED_AUTOS = YES_AGGRESSIVE;
				GCC_WARN_UNUSED_FUNCTION = YES;
				GCC_WARN_UNUSED_VARIABLE = YES;
				IPHONEOS_DEPLOYMENT_TARGET = 11.0;
				MTL_ENABLE_DEBUG_INFO = YES;
				ONLY_ACTIVE_ARCH = YES;
				SDKROOT = iphoneos;
				SWIFT_ACTIVE_COMPILATION_CONDITIONS = DEBUG;
				SWIFT_OPTIMIZATION_LEVEL = "-Onone";
			};
			name = Debug;
		};
		33BB8C941FBA63810021B295 /* Release */ = {
			isa = XCBuildConfiguration;
			buildSettings = {
				ALWAYS_SEARCH_USER_PATHS = NO;
				CLANG_ANALYZER_NONNULL = YES;
				CLANG_ANALYZER_NUMBER_OBJECT_CONVERSION = YES_AGGRESSIVE;
				CLANG_CXX_LANGUAGE_STANDARD = "gnu++14";
				CLANG_CXX_LIBRARY = "libc++";
				CLANG_ENABLE_MODULES = YES;
				CLANG_ENABLE_OBJC_ARC = YES;
				CLANG_WARN_BLOCK_CAPTURE_AUTORELEASING = YES;
				CLANG_WARN_BOOL_CONVERSION = YES;
				CLANG_WARN_COMMA = YES;
				CLANG_WARN_CONSTANT_CONVERSION = YES;
				CLANG_WARN_DIRECT_OBJC_ISA_USAGE = YES_ERROR;
				CLANG_WARN_DOCUMENTATION_COMMENTS = YES;
				CLANG_WARN_EMPTY_BODY = YES;
				CLANG_WARN_ENUM_CONVERSION = YES;
				CLANG_WARN_INFINITE_RECURSION = YES;
				CLANG_WARN_INT_CONVERSION = YES;
				CLANG_WARN_NON_LITERAL_NULL_CONVERSION = YES;
				CLANG_WARN_OBJC_LITERAL_CONVERSION = YES;
				CLANG_WARN_OBJC_ROOT_CLASS = YES_ERROR;
				CLANG_WARN_RANGE_LOOP_ANALYSIS = YES;
				CLANG_WARN_STRICT_PROTOTYPES = YES;
				CLANG_WARN_SUSPICIOUS_MOVE = YES;
				CLANG_WARN_UNGUARDED_AVAILABILITY = YES_AGGRESSIVE;
				CLANG_WARN_UNREACHABLE_CODE = YES;
				CLANG_WARN__DUPLICATE_METHOD_MATCH = YES;
				CODE_SIGN_IDENTITY = "iPhone Developer";
				COPY_PHASE_STRIP = NO;
				DEBUG_INFORMATION_FORMAT = "dwarf-with-dsym";
				ENABLE_NS_ASSERTIONS = NO;
				ENABLE_STRICT_OBJC_MSGSEND = YES;
				GCC_C_LANGUAGE_STANDARD = gnu11;
				GCC_NO_COMMON_BLOCKS = YES;
				GCC_WARN_64_TO_32_BIT_CONVERSION = YES;
				GCC_WARN_ABOUT_RETURN_TYPE = YES_ERROR;
				GCC_WARN_UNDECLARED_SELECTOR = YES;
				GCC_WARN_UNINITIALIZED_AUTOS = YES_AGGRESSIVE;
				GCC_WARN_UNUSED_FUNCTION = YES;
				GCC_WARN_UNUSED_VARIABLE = YES;
				IPHONEOS_DEPLOYMENT_TARGET = 11.0;
				MTL_ENABLE_DEBUG_INFO = NO;
				SDKROOT = iphoneos;
				SWIFT_OPTIMIZATION_LEVEL = "-Owholemodule";
				VALIDATE_PRODUCT = YES;
			};
			name = Release;
		};
		33BB8C961FBA63810021B295 /* Debug */ = {
			isa = XCBuildConfiguration;
			buildSettings = {
				ASSETCATALOG_COMPILER_APPICON_NAME = AppIcon;
				CODE_SIGN_STYLE = Automatic;
				INFOPLIST_FILE = StarWarsEncyclopedia/Info.plist;
				LD_RUNPATH_SEARCH_PATHS = "$(inherited) @executable_path/Frameworks";
				PRODUCT_BUNDLE_IDENTIFIER = kio.StarWarsEncyclopedia;
				PRODUCT_NAME = "$(TARGET_NAME)";
				SWIFT_VERSION = 4.0;
				TARGETED_DEVICE_FAMILY = "1,2";
			};
			name = Debug;
		};
		33BB8C971FBA63810021B295 /* Release */ = {
			isa = XCBuildConfiguration;
			buildSettings = {
				ASSETCATALOG_COMPILER_APPICON_NAME = AppIcon;
				CODE_SIGN_STYLE = Automatic;
				INFOPLIST_FILE = StarWarsEncyclopedia/Info.plist;
				LD_RUNPATH_SEARCH_PATHS = "$(inherited) @executable_path/Frameworks";
				PRODUCT_BUNDLE_IDENTIFIER = kio.StarWarsEncyclopedia;
				PRODUCT_NAME = "$(TARGET_NAME)";
				SWIFT_VERSION = 4.0;
				TARGETED_DEVICE_FAMILY = "1,2";
			};
			name = Release;
		};
		33BB8C991FBA63810021B295 /* Debug */ = {
			isa = XCBuildConfiguration;
			buildSettings = {
				ALWAYS_EMBED_SWIFT_STANDARD_LIBRARIES = YES;
				BUNDLE_LOADER = "$(TEST_HOST)";
				CODE_SIGN_STYLE = Automatic;
				INFOPLIST_FILE = StarWarsEncyclopediaTests/Info.plist;
				LD_RUNPATH_SEARCH_PATHS = "$(inherited) @executable_path/Frameworks @loader_path/Frameworks";
				PRODUCT_BUNDLE_IDENTIFIER = kio.StarWarsEncyclopediaTests;
				PRODUCT_NAME = "$(TARGET_NAME)";
				SWIFT_VERSION = 4.0;
				TARGETED_DEVICE_FAMILY = "1,2";
				TEST_HOST = "$(BUILT_PRODUCTS_DIR)/StarWarsEncyclopedia.app/StarWarsEncyclopedia";
			};
			name = Debug;
		};
		33BB8C9A1FBA63810021B295 /* Release */ = {
			isa = XCBuildConfiguration;
			buildSettings = {
				ALWAYS_EMBED_SWIFT_STANDARD_LIBRARIES = YES;
				BUNDLE_LOADER = "$(TEST_HOST)";
				CODE_SIGN_STYLE = Automatic;
				INFOPLIST_FILE = StarWarsEncyclopediaTests/Info.plist;
				LD_RUNPATH_SEARCH_PATHS = "$(inherited) @executable_path/Frameworks @loader_path/Frameworks";
				PRODUCT_BUNDLE_IDENTIFIER = kio.StarWarsEncyclopediaTests;
				PRODUCT_NAME = "$(TARGET_NAME)";
				SWIFT_VERSION = 4.0;
				TARGETED_DEVICE_FAMILY = "1,2";
				TEST_HOST = "$(BUILT_PRODUCTS_DIR)/StarWarsEncyclopedia.app/StarWarsEncyclopedia";
			};
			name = Release;
		};
		33BB8C9C1FBA63810021B295 /* Debug */ = {
			isa = XCBuildConfiguration;
			buildSettings = {
				ALWAYS_EMBED_SWIFT_STANDARD_LIBRARIES = YES;
				CODE_SIGN_STYLE = Automatic;
				INFOPLIST_FILE = StarWarsEncyclopediaUITests/Info.plist;
				LD_RUNPATH_SEARCH_PATHS = "$(inherited) @executable_path/Frameworks @loader_path/Frameworks";
				PRODUCT_BUNDLE_IDENTIFIER = kio.StarWarsEncyclopediaUITests;
				PRODUCT_NAME = "$(TARGET_NAME)";
				SWIFT_VERSION = 4.0;
				TARGETED_DEVICE_FAMILY = "1,2";
				TEST_TARGET_NAME = StarWarsEncyclopedia;
			};
			name = Debug;
		};
		33BB8C9D1FBA63810021B295 /* Release */ = {
			isa = XCBuildConfiguration;
			buildSettings = {
				ALWAYS_EMBED_SWIFT_STANDARD_LIBRARIES = YES;
				CODE_SIGN_STYLE = Automatic;
				INFOPLIST_FILE = StarWarsEncyclopediaUITests/Info.plist;
				LD_RUNPATH_SEARCH_PATHS = "$(inherited) @executable_path/Frameworks @loader_path/Frameworks";
				PRODUCT_BUNDLE_IDENTIFIER = kio.StarWarsEncyclopediaUITests;
				PRODUCT_NAME = "$(TARGET_NAME)";
				SWIFT_VERSION = 4.0;
				TARGETED_DEVICE_FAMILY = "1,2";
				TEST_TARGET_NAME = StarWarsEncyclopedia;
			};
			name = Release;
		};
/* End XCBuildConfiguration section */

/* Begin XCConfigurationList section */
		33BB8C651FBA63810021B295 /* Build configuration list for PBXProject "StarWarsEncyclopedia" */ = {
			isa = XCConfigurationList;
			buildConfigurations = (
				33BB8C931FBA63810021B295 /* Debug */,
				33BB8C941FBA63810021B295 /* Release */,
			);
			defaultConfigurationIsVisible = 0;
			defaultConfigurationName = Release;
		};
		33BB8C951FBA63810021B295 /* Build configuration list for PBXNativeTarget "StarWarsEncyclopedia" */ = {
			isa = XCConfigurationList;
			buildConfigurations = (
				33BB8C961FBA63810021B295 /* Debug */,
				33BB8C971FBA63810021B295 /* Release */,
			);
			defaultConfigurationIsVisible = 0;
			defaultConfigurationName = Release;
		};
		33BB8C981FBA63810021B295 /* Build configuration list for PBXNativeTarget "StarWarsEncyclopediaTests" */ = {
			isa = XCConfigurationList;
			buildConfigurations = (
				33BB8C991FBA63810021B295 /* Debug */,
				33BB8C9A1FBA63810021B295 /* Release */,
			);
			defaultConfigurationIsVisible = 0;
			defaultConfigurationName = Release;
		};
		33BB8C9B1FBA63810021B295 /* Build configuration list for PBXNativeTarget "StarWarsEncyclopediaUITests" */ = {
			isa = XCConfigurationList;
			buildConfigurations = (
				33BB8C9C1FBA63810021B295 /* Debug */,
				33BB8C9D1FBA63810021B295 /* Release */,
			);
			defaultConfigurationIsVisible = 0;
			defaultConfigurationName = Release;
		};
/* End XCConfigurationList section */

/* Begin XCVersionGroup section */
		33BB8C741FBA63810021B295 /* StarWarsEncyclopedia.xcdatamodeld */ = {
			isa = XCVersionGroup;
			children = (
				33BB8C751FBA63810021B295 /* StarWarsEncyclopedia.xcdatamodel */,
			);
			currentVersion = 33BB8C751FBA63810021B295 /* StarWarsEncyclopedia.xcdatamodel */;
			path = StarWarsEncyclopedia.xcdatamodeld;
			sourceTree = "<group>";
			versionGroupType = wrapper.xcdatamodel;
		};
/* End XCVersionGroup section */
	};
	rootObject = 33BB8C621FBA63810021B295 /* Project object */;
}
